// !$*UTF8*$!
{
	archiveVersion = 1;
	classes = {
	};
	objectVersion = 50;
	objects = {

/* Begin PBXBuildFile section */
		5B6D052C22789DF000E05E79 /* Project.swift in Sources */ = {isa = PBXBuildFile; fileRef = 5B6D052B22789DF000E05E79 /* Project.swift */; };
		5B6D052E2278D6C400E05E79 /* BookmarkHelper.swift in Sources */ = {isa = PBXBuildFile; fileRef = 5B6D052D2278D6C400E05E79 /* BookmarkHelper.swift */; };
		5B7FC1922278770B008947E8 /* AppDelegate.swift in Sources */ = {isa = PBXBuildFile; fileRef = 5B7FC1912278770B008947E8 /* AppDelegate.swift */; };
		5B7FC1992278770D008947E8 /* Main.storyboard in Resources */ = {isa = PBXBuildFile; fileRef = 5B7FC1972278770D008947E8 /* Main.storyboard */; };
		5B8EB83422791DEE00B122EB /* Script.command in Resources */ = {isa = PBXBuildFile; fileRef = 5B8EB83322791C7500B122EB /* Script.command */; };
		5B8EB8362279C09F00B122EB /* Assets.xcassets in Resources */ = {isa = PBXBuildFile; fileRef = 5B8EB8352279C09F00B122EB /* Assets.xcassets */; };
/* End PBXBuildFile section */

/* Begin PBXFileReference section */
		5B6D052B22789DF000E05E79 /* Project.swift */ = {isa = PBXFileReference; lastKnownFileType = sourcecode.swift; path = Project.swift; sourceTree = "<group>"; };
		5B6D052D2278D6C400E05E79 /* BookmarkHelper.swift */ = {isa = PBXFileReference; lastKnownFileType = sourcecode.swift; path = BookmarkHelper.swift; sourceTree = "<group>"; };
		5B7FC18E2278770B008947E8 /* podinstall.app */ = {isa = PBXFileReference; explicitFileType = wrapper.application; includeInIndex = 0; path = podinstall.app; sourceTree = BUILT_PRODUCTS_DIR; };
		5B7FC1912278770B008947E8 /* AppDelegate.swift */ = {isa = PBXFileReference; lastKnownFileType = sourcecode.swift; path = AppDelegate.swift; sourceTree = "<group>"; };
		5B7FC1982278770D008947E8 /* Base */ = {isa = PBXFileReference; lastKnownFileType = file.storyboard; name = Base; path = Base.lproj/Main.storyboard; sourceTree = "<group>"; };
		5B7FC19A2278770D008947E8 /* Info.plist */ = {isa = PBXFileReference; lastKnownFileType = text.plist.xml; path = Info.plist; sourceTree = "<group>"; };
		5B7FC19B2278770D008947E8 /* podinstall.entitlements */ = {isa = PBXFileReference; lastKnownFileType = text.plist.entitlements; path = podinstall.entitlements; sourceTree = "<group>"; };
		5B8EB83322791C7500B122EB /* Script.command */ = {isa = PBXFileReference; lastKnownFileType = text.script.sh; path = Script.command; sourceTree = "<group>"; };
		5B8EB8352279C09F00B122EB /* Assets.xcassets */ = {isa = PBXFileReference; lastKnownFileType = folder.assetcatalog; path = Assets.xcassets; sourceTree = "<group>"; };
/* End PBXFileReference section */

/* Begin PBXFrameworksBuildPhase section */
		5B7FC18B2278770B008947E8 /* Frameworks */ = {
			isa = PBXFrameworksBuildPhase;
			buildActionMask = 2147483647;
			files = (
			);
			runOnlyForDeploymentPostprocessing = 0;
		};
/* End PBXFrameworksBuildPhase section */

/* Begin PBXGroup section */
		5B7FC1852278770B008947E8 = {
			isa = PBXGroup;
			children = (
				5B7FC1902278770B008947E8 /* podinstall */,
				5B7FC18F2278770B008947E8 /* Products */,
			);
			sourceTree = "<group>";
		};
		5B7FC18F2278770B008947E8 /* Products */ = {
			isa = PBXGroup;
			children = (
				5B7FC18E2278770B008947E8 /* podinstall.app */,
			);
			name = Products;
			sourceTree = "<group>";
		};
		5B7FC1902278770B008947E8 /* podinstall */ = {
			isa = PBXGroup;
			children = (
				5B7FC1912278770B008947E8 /* AppDelegate.swift */,
				5B7FC19A2278770D008947E8 /* Info.plist */,
				5B7FC1972278770D008947E8 /* Main.storyboard */,
				5B7FC19B2278770D008947E8 /* podinstall.entitlements */,
				5B6D052B22789DF000E05E79 /* Project.swift */,
				5B6D052D2278D6C400E05E79 /* BookmarkHelper.swift */,
				5B8EB83322791C7500B122EB /* Script.command */,
				5B8EB8352279C09F00B122EB /* Assets.xcassets */,
			);
			path = podinstall;
			sourceTree = "<group>";
		};
/* End PBXGroup section */

/* Begin PBXNativeTarget section */
		5B7FC18D2278770B008947E8 /* podinstall */ = {
			isa = PBXNativeTarget;
			buildConfigurationList = 5B7FC19E2278770D008947E8 /* Build configuration list for PBXNativeTarget "podinstall" */;
			buildPhases = (
				5B7FC18A2278770B008947E8 /* Sources */,
				5B7FC18B2278770B008947E8 /* Frameworks */,
				5B7FC18C2278770B008947E8 /* Resources */,
			);
			buildRules = (
			);
			dependencies = (
			);
			name = podinstall;
			productName = podinstall;
			productReference = 5B7FC18E2278770B008947E8 /* podinstall.app */;
			productType = "com.apple.product-type.application";
		};
/* End PBXNativeTarget section */

/* Begin PBXProject section */
		5B7FC1862278770B008947E8 /* Project object */ = {
			isa = PBXProject;
			attributes = {
				LastSwiftUpdateCheck = 1010;
				LastUpgradeCheck = 1010;
				ORGANIZATIONNAME = Coletz;
				TargetAttributes = {
					5B7FC18D2278770B008947E8 = {
						CreatedOnToolsVersion = 10.1;
						SystemCapabilities = {
							com.apple.Sandbox = {
								enabled = 0;
							};
						};
					};
				};
			};
			buildConfigurationList = 5B7FC1892278770B008947E8 /* Build configuration list for PBXProject "podinstall" */;
			compatibilityVersion = "Xcode 9.3";
			developmentRegion = en;
			hasScannedForEncodings = 0;
			knownRegions = (
				en,
				Base,
			);
			mainGroup = 5B7FC1852278770B008947E8;
			productRefGroup = 5B7FC18F2278770B008947E8 /* Products */;
			projectDirPath = "";
			projectRoot = "";
			targets = (
				5B7FC18D2278770B008947E8 /* podinstall */,
			);
		};
/* End PBXProject section */

/* Begin PBXResourcesBuildPhase section */
		5B7FC18C2278770B008947E8 /* Resources */ = {
			isa = PBXResourcesBuildPhase;
			buildActionMask = 2147483647;
			files = (
				5B7FC1992278770D008947E8 /* Main.storyboard in Resources */,
				5B8EB8362279C09F00B122EB /* Assets.xcassets in Resources */,
				5B8EB83422791DEE00B122EB /* Script.command in Resources */,
			);
			runOnlyForDeploymentPostprocessing = 0;
		};
/* End PBXResourcesBuildPhase section */

/* Begin PBXSourcesBuildPhase section */
		5B7FC18A2278770B008947E8 /* Sources */ = {
			isa = PBXSourcesBuildPhase;
			buildActionMask = 2147483647;
			files = (
				5B7FC1922278770B008947E8 /* AppDelegate.swift in Sources */,
				5B6D052C22789DF000E05E79 /* Project.swift in Sources */,
				5B6D052E2278D6C400E05E79 /* BookmarkHelper.swift in Sources */,
			);
			runOnlyForDeploymentPostprocessing = 0;
		};
/* End PBXSourcesBuildPhase section */

/* Begin PBXVariantGroup section */
		5B7FC1972278770D008947E8 /* Main.storyboard */ = {
			isa = PBXVariantGroup;
			children = (
				5B7FC1982278770D008947E8 /* Base */,
			);
			name = Main.storyboard;
			sourceTree = "<group>";
		};
/* End PBXVariantGroup section */

/* Begin XCBuildConfiguration section */
		5B7FC19C2278770D008947E8 /* Debug */ = {
			isa = XCBuildConfiguration;
			buildSettings = {
				ALWAYS_SEARCH_USER_PATHS = NO;
				CLANG_ANALYZER_NONNULL = YES;
				CLANG_ANALYZER_NUMBER_OBJECT_CONVERSION = YES_AGGRESSIVE;
				CLANG_CXX_LANGUAGE_STANDARD = "gnu++14";
				CLANG_CXX_LIBRARY = "libc++";
				CLANG_ENABLE_MODULES = YES;
				CLANG_ENABLE_OBJC_ARC = YES;
				CLANG_ENABLE_OBJC_WEAK = YES;
				CLANG_WARN_BLOCK_CAPTURE_AUTORELEASING = YES;
				CLANG_WARN_BOOL_CONVERSION = YES;
				CLANG_WARN_COMMA = YES;
				CLANG_WARN_CONSTANT_CONVERSION = YES;
				CLANG_WARN_DEPRECATED_OBJC_IMPLEMENTATIONS = YES;
				CLANG_WARN_DIRECT_OBJC_ISA_USAGE = YES_ERROR;
				CLANG_WARN_DOCUMENTATION_COMMENTS = YES;
				CLANG_WARN_EMPTY_BODY = YES;
				CLANG_WARN_ENUM_CONVERSION = YES;
				CLANG_WARN_INFINITE_RECURSION = YES;
				CLANG_WARN_INT_CONVERSION = YES;
				CLANG_WARN_NON_LITERAL_NULL_CONVERSION = YES;
				CLANG_WARN_OBJC_IMPLICIT_RETAIN_SELF = YES;
				CLANG_WARN_OBJC_LITERAL_CONVERSION = YES;
				CLANG_WARN_OBJC_ROOT_CLASS = YES_ERROR;
				CLANG_WARN_RANGE_LOOP_ANALYSIS = YES;
				CLANG_WARN_STRICT_PROTOTYPES = YES;
				CLANG_WARN_SUSPICIOUS_MOVE = YES;
				CLANG_WARN_UNGUARDED_AVAILABILITY = YES_AGGRESSIVE;
				CLANG_WARN_UNREACHABLE_CODE = YES;
				CLANG_WARN__DUPLICATE_METHOD_MATCH = YES;
				CODE_SIGN_IDENTITY = "Mac Developer";
				COPY_PHASE_STRIP = NO;
				DEBUG_INFORMATION_FORMAT = dwarf;
				ENABLE_STRICT_OBJC_MSGSEND = YES;
				ENABLE_TESTABILITY = YES;
				GCC_C_LANGUAGE_STANDARD = gnu11;
				GCC_DYNAMIC_NO_PIC = NO;
				GCC_NO_COMMON_BLOCKS = YES;
				GCC_OPTIMIZATION_LEVEL = 0;
				GCC_PREPROCESSOR_DEFINITIONS = (
					"DEBUG=1",
					"$(inherited)",
				);
				GCC_WARN_64_TO_32_BIT_CONVERSION = YES;
				GCC_WARN_ABOUT_RETURN_TYPE = YES_ERROR;
				GCC_WARN_UNDECLARED_SELECTOR = YES;
				GCC_WARN_UNINITIALIZED_AUTOS = YES_AGGRESSIVE;
				GCC_WARN_UNUSED_FUNCTION = YES;
				GCC_WARN_UNUSED_VARIABLE = YES;
				MACOSX_DEPLOYMENT_TARGET = 10.14;
				MTL_ENABLE_DEBUG_INFO = INCLUDE_SOURCE;
				MTL_FAST_MATH = YES;
				ONLY_ACTIVE_ARCH = YES;
				SDKROOT = macosx;
				SWIFT_ACTIVE_COMPILATION_CONDITIONS = DEBUG;
				SWIFT_OPTIMIZATION_LEVEL = "-Onone";
			};
			name = Debug;
		};
		5B7FC19D2278770D008947E8 /* Release */ = {
			isa = XCBuildConfiguration;
			buildSettings = {
				ALWAYS_SEARCH_USER_PATHS = NO;
				CLANG_ANALYZER_NONNULL = YES;
				CLANG_ANALYZER_NUMBER_OBJECT_CONVERSION = YES_AGGRESSIVE;
				CLANG_CXX_LANGUAGE_STANDARD = "gnu++14";
				CLANG_CXX_LIBRARY = "libc++";
				CLANG_ENABLE_MODULES = YES;
				CLANG_ENABLE_OBJC_ARC = YES;
				CLANG_ENABLE_OBJC_WEAK = YES;
				CLANG_WARN_BLOCK_CAPTURE_AUTORELEASING = YES;
				CLANG_WARN_BOOL_CONVERSION = YES;
				CLANG_WARN_COMMA = YES;
				CLANG_WARN_CONSTANT_CONVERSION = YES;
				CLANG_WARN_DEPRECATED_OBJC_IMPLEMENTATIONS = YES;
				CLANG_WARN_DIRECT_OBJC_ISA_USAGE = YES_ERROR;
				CLANG_WARN_DOCUMENTATION_COMMENTS = YES;
				CLANG_WARN_EMPTY_BODY = YES;
				CLANG_WARN_ENUM_CONVERSION = YES;
				CLANG_WARN_INFINITE_RECURSION = YES;
				CLANG_WARN_INT_CONVERSION = YES;
				CLANG_WARN_NON_LITERAL_NULL_CONVERSION = YES;
				CLANG_WARN_OBJC_IMPLICIT_RETAIN_SELF = YES;
				CLANG_WARN_OBJC_LITERAL_CONVERSION = YES;
				CLANG_WARN_OBJC_ROOT_CLASS = YES_ERROR;
				CLANG_WARN_RANGE_LOOP_ANALYSIS = YES;
				CLANG_WARN_STRICT_PROTOTYPES = YES;
				CLANG_WARN_SUSPICIOUS_MOVE = YES;
				CLANG_WARN_UNGUARDED_AVAILABILITY = YES_AGGRESSIVE;
				CLANG_WARN_UNREACHABLE_CODE = YES;
				CLANG_WARN__DUPLICATE_METHOD_MATCH = YES;
				CODE_SIGN_IDENTITY = "Mac Developer";
				COPY_PHASE_STRIP = NO;
				DEBUG_INFORMATION_FORMAT = "dwarf-with-dsym";
				ENABLE_NS_ASSERTIONS = NO;
				ENABLE_STRICT_OBJC_MSGSEND = YES;
				GCC_C_LANGUAGE_STANDARD = gnu11;
				GCC_NO_COMMON_BLOCKS = YES;
				GCC_WARN_64_TO_32_BIT_CONVERSION = YES;
				GCC_WARN_ABOUT_RETURN_TYPE = YES_ERROR;
				GCC_WARN_UNDECLARED_SELECTOR = YES;
				GCC_WARN_UNINITIALIZED_AUTOS = YES_AGGRESSIVE;
				GCC_WARN_UNUSED_FUNCTION = YES;
				GCC_WARN_UNUSED_VARIABLE = YES;
				MACOSX_DEPLOYMENT_TARGET = 10.14;
				MTL_ENABLE_DEBUG_INFO = NO;
				MTL_FAST_MATH = YES;
				SDKROOT = macosx;
				SWIFT_COMPILATION_MODE = wholemodule;
				SWIFT_OPTIMIZATION_LEVEL = "-O";
			};
			name = Release;
		};
		5B7FC19F2278770D008947E8 /* Debug */ = {
			isa = XCBuildConfiguration;
			buildSettings = {
				ASSETCATALOG_COMPILER_APPICON_NAME = AppIcon;
				CODE_SIGN_STYLE = Automatic;
				COMBINE_HIDPI_IMAGES = YES;
				DEVELOPMENT_TEAM = ADBR2H7C7S;
				INFOPLIST_FILE = podinstall/Info.plist;
				LD_RUNPATH_SEARCH_PATHS = (
					"$(inherited)",
					"@executable_path/../Frameworks",
				);
				PRODUCT_BUNDLE_IDENTIFIER = com.coletz.podinstall;
				PRODUCT_NAME = "$(TARGET_NAME)";
				SWIFT_VERSION = 4.2;
			};
			name = Debug;
		};
		5B7FC1A02278770D008947E8 /* Release */ = {
			isa = XCBuildConfiguration;
			buildSettings = {
				ASSETCATALOG_COMPILER_APPICON_NAME = AppIcon;
				CODE_SIGN_STYLE = Automatic;
				COMBINE_HIDPI_IMAGES = YES;
				DEVELOPMENT_TEAM = ADBR2H7C7S;
				INFOPLIST_FILE = podinstall/Info.plist;
				LD_RUNPATH_SEARCH_PATHS = (
					"$(inherited)",
					"@executable_path/../Frameworks",
				);
				PRODUCT_BUNDLE_IDENTIFIER = com.coletz.podinstall;
				PRODUCT_NAME = "$(TARGET_NAME)";
				SWIFT_VERSION = 4.2;
			};
			name = Release;
		};
/* End XCBuildConfiguration section */

/* Begin XCConfigurationList section */
		5B7FC1892278770B008947E8 /* Build configuration list for PBXProject "podinstall" */ = {
			isa = XCConfigurationList;
			buildConfigurations = (
				5B7FC19C2278770D008947E8 /* Debug */,
				5B7FC19D2278770D008947E8 /* Release */,
			);
			defaultConfigurationIsVisible = 0;
			defaultConfigurationName = Release;
		};
		5B7FC19E2278770D008947E8 /* Build configuration list for PBXNativeTarget "podinstall" */ = {
			isa = XCConfigurationList;
			buildConfigurations = (
				5B7FC19F2278770D008947E8 /* Debug */,
				5B7FC1A02278770D008947E8 /* Release */,
			);
			defaultConfigurationIsVisible = 0;
			defaultConfigurationName = Release;
		};
/* End XCConfigurationList section */
	};
	rootObject = 5B7FC1862278770B008947E8 /* Project object */;
}
